// !$*UTF8*$!
{
	archiveVersion = 1;
	classes = {
	};
	objectVersion = 56;
	objects = {

/* Begin PBXBuildFile section */
		D3023B9E292958BC000A850D /* CategoryEnum.swift in Sources */ = {isa = PBXBuildFile; fileRef = D3023B9D292958BC000A850D /* CategoryEnum.swift */; };
		D3023BA02929592C000A850D /* ExerciseModel.swift in Sources */ = {isa = PBXBuildFile; fileRef = D3023B9F2929592C000A850D /* ExerciseModel.swift */; };
		D3023BA229295D36000A850D /* GoogleService-Info.plist in Resources */ = {isa = PBXBuildFile; fileRef = D3023BA129295D35000A850D /* GoogleService-Info.plist */; };
		D3023BA529295D90000A850D /* FirebaseAnalytics in Frameworks */ = {isa = PBXBuildFile; productRef = D3023BA429295D90000A850D /* FirebaseAnalytics */; };
		D3023BA729295D90000A850D /* FirebaseAnalyticsOnDeviceConversion in Frameworks */ = {isa = PBXBuildFile; productRef = D3023BA629295D90000A850D /* FirebaseAnalyticsOnDeviceConversion */; };
		D3023BA929295D90000A850D /* FirebaseAnalyticsSwift in Frameworks */ = {isa = PBXBuildFile; productRef = D3023BA829295D90000A850D /* FirebaseAnalyticsSwift */; };
		D3023BAB29295D90000A850D /* FirebaseAppCheck in Frameworks */ = {isa = PBXBuildFile; productRef = D3023BAA29295D90000A850D /* FirebaseAppCheck */; };
		D3023BAD29295D90000A850D /* FirebaseAppDistribution-Beta in Frameworks */ = {isa = PBXBuildFile; productRef = D3023BAC29295D90000A850D /* FirebaseAppDistribution-Beta */; };
		D3023BAF29295D90000A850D /* FirebaseAuth in Frameworks */ = {isa = PBXBuildFile; productRef = D3023BAE29295D90000A850D /* FirebaseAuth */; };
		D3023BB129295D90000A850D /* FirebaseAuthCombine-Community in Frameworks */ = {isa = PBXBuildFile; productRef = D3023BB029295D90000A850D /* FirebaseAuthCombine-Community */; };
		D3023BB329295D90000A850D /* FirebaseCrashlytics in Frameworks */ = {isa = PBXBuildFile; productRef = D3023BB229295D90000A850D /* FirebaseCrashlytics */; };
		D3023BB529295D90000A850D /* FirebaseDatabase in Frameworks */ = {isa = PBXBuildFile; productRef = D3023BB429295D90000A850D /* FirebaseDatabase */; };
		D3023BB729295D90000A850D /* FirebaseDatabaseSwift in Frameworks */ = {isa = PBXBuildFile; productRef = D3023BB629295D90000A850D /* FirebaseDatabaseSwift */; };
		D3023BB929295D90000A850D /* FirebaseDynamicLinks in Frameworks */ = {isa = PBXBuildFile; productRef = D3023BB829295D90000A850D /* FirebaseDynamicLinks */; };
		D3023BBB29295D90000A850D /* FirebaseFirestore in Frameworks */ = {isa = PBXBuildFile; productRef = D3023BBA29295D90000A850D /* FirebaseFirestore */; };
		D3023BBD29295D90000A850D /* FirebaseFirestoreCombine-Community in Frameworks */ = {isa = PBXBuildFile; productRef = D3023BBC29295D90000A850D /* FirebaseFirestoreCombine-Community */; };
		D3023BBF29295D90000A850D /* FirebaseFirestoreSwift in Frameworks */ = {isa = PBXBuildFile; productRef = D3023BBE29295D90000A850D /* FirebaseFirestoreSwift */; };
		D3023BC129295D90000A850D /* FirebaseFunctions in Frameworks */ = {isa = PBXBuildFile; productRef = D3023BC029295D90000A850D /* FirebaseFunctions */; };
		D3023BC329295D90000A850D /* FirebaseFunctionsCombine-Community in Frameworks */ = {isa = PBXBuildFile; productRef = D3023BC229295D90000A850D /* FirebaseFunctionsCombine-Community */; };
		D3023BC529295D90000A850D /* FirebaseInAppMessaging-Beta in Frameworks */ = {isa = PBXBuildFile; productRef = D3023BC429295D90000A850D /* FirebaseInAppMessaging-Beta */; };
		D3023BC729295D90000A850D /* FirebaseInAppMessagingSwift-Beta in Frameworks */ = {isa = PBXBuildFile; productRef = D3023BC629295D90000A850D /* FirebaseInAppMessagingSwift-Beta */; };
		D3023BC929295D90000A850D /* FirebaseInstallations in Frameworks */ = {isa = PBXBuildFile; productRef = D3023BC829295D90000A850D /* FirebaseInstallations */; };
		D3023BCB29295D90000A850D /* FirebaseMLModelDownloader in Frameworks */ = {isa = PBXBuildFile; productRef = D3023BCA29295D90000A850D /* FirebaseMLModelDownloader */; };
		D3023BCD29295D91000A850D /* FirebaseMessaging in Frameworks */ = {isa = PBXBuildFile; productRef = D3023BCC29295D91000A850D /* FirebaseMessaging */; };
		D3023BCF29295D91000A850D /* FirebasePerformance in Frameworks */ = {isa = PBXBuildFile; productRef = D3023BCE29295D91000A850D /* FirebasePerformance */; };
		D3023BD129295D91000A850D /* FirebaseRemoteConfig in Frameworks */ = {isa = PBXBuildFile; productRef = D3023BD029295D91000A850D /* FirebaseRemoteConfig */; };
		D3023BD329295D91000A850D /* FirebaseRemoteConfigSwift in Frameworks */ = {isa = PBXBuildFile; productRef = D3023BD229295D91000A850D /* FirebaseRemoteConfigSwift */; };
		D3023BD529295D91000A850D /* FirebaseStorage in Frameworks */ = {isa = PBXBuildFile; productRef = D3023BD429295D91000A850D /* FirebaseStorage */; };
		D3023BD729295D91000A850D /* FirebaseStorageCombine-Community in Frameworks */ = {isa = PBXBuildFile; productRef = D3023BD629295D91000A850D /* FirebaseStorageCombine-Community */; };
		D3023BD92929674B000A850D /* LoginView.swift in Sources */ = {isa = PBXBuildFile; fileRef = D3023BD82929674B000A850D /* LoginView.swift */; };
		D3023BEA292B87CE000A850D /* AuthViewModel.swift in Sources */ = {isa = PBXBuildFile; fileRef = D3023BE9292B87CE000A850D /* AuthViewModel.swift */; };
		D3023BEC292B8A86000A850D /* MainView.swift in Sources */ = {isa = PBXBuildFile; fileRef = D3023BEB292B8A86000A850D /* MainView.swift */; };
		D3023BEE292B8AB8000A850D /* RoutineModel.swift in Sources */ = {isa = PBXBuildFile; fileRef = D3023BED292B8AB8000A850D /* RoutineModel.swift */; };
		D3023BF0292B8B1E000A850D /* WorkoutModel.swift in Sources */ = {isa = PBXBuildFile; fileRef = D3023BEF292B8B1E000A850D /* WorkoutModel.swift */; };
		D352F3C0292712B200FCBE6B /* trackrApp.swift in Sources */ = {isa = PBXBuildFile; fileRef = D352F3BF292712B200FCBE6B /* trackrApp.swift */; };
		D352F3C2292712B200FCBE6B /* ContentView.swift in Sources */ = {isa = PBXBuildFile; fileRef = D352F3C1292712B200FCBE6B /* ContentView.swift */; };
		D352F3C4292712B400FCBE6B /* Assets.xcassets in Resources */ = {isa = PBXBuildFile; fileRef = D352F3C3292712B400FCBE6B /* Assets.xcassets */; };
		D352F3C7292712B400FCBE6B /* Preview Assets.xcassets in Resources */ = {isa = PBXBuildFile; fileRef = D352F3C6292712B400FCBE6B /* Preview Assets.xcassets */; };
		D352F3D1292712B500FCBE6B /* trackrTests.swift in Sources */ = {isa = PBXBuildFile; fileRef = D352F3D0292712B500FCBE6B /* trackrTests.swift */; };
		D352F3DB292712B500FCBE6B /* trackrUITests.swift in Sources */ = {isa = PBXBuildFile; fileRef = D352F3DA292712B500FCBE6B /* trackrUITests.swift */; };
		D352F3DD292712B500FCBE6B /* trackrUITestsLaunchTests.swift in Sources */ = {isa = PBXBuildFile; fileRef = D352F3DC292712B500FCBE6B /* trackrUITestsLaunchTests.swift */; };
/* End PBXBuildFile section */

/* Begin PBXContainerItemProxy section */
		D352F3CD292712B500FCBE6B /* PBXContainerItemProxy */ = {
			isa = PBXContainerItemProxy;
			containerPortal = D352F3B4292712B200FCBE6B /* Project object */;
			proxyType = 1;
			remoteGlobalIDString = D352F3BB292712B200FCBE6B;
			remoteInfo = trackr;
		};
		D352F3D7292712B500FCBE6B /* PBXContainerItemProxy */ = {
			isa = PBXContainerItemProxy;
			containerPortal = D352F3B4292712B200FCBE6B /* Project object */;
			proxyType = 1;
			remoteGlobalIDString = D352F3BB292712B200FCBE6B;
			remoteInfo = trackr;
		};
/* End PBXContainerItemProxy section */

/* Begin PBXFileReference section */
		D3023B9D292958BC000A850D /* CategoryEnum.swift */ = {isa = PBXFileReference; lastKnownFileType = sourcecode.swift; path = CategoryEnum.swift; sourceTree = "<group>"; };
		D3023B9F2929592C000A850D /* ExerciseModel.swift */ = {isa = PBXFileReference; lastKnownFileType = sourcecode.swift; path = ExerciseModel.swift; sourceTree = "<group>"; };
		D3023BA129295D35000A850D /* GoogleService-Info.plist */ = {isa = PBXFileReference; fileEncoding = 4; lastKnownFileType = text.plist.xml; name = "GoogleService-Info.plist"; path = "../../../Downloads/GoogleService-Info.plist"; sourceTree = "<group>"; };
		D3023BD82929674B000A850D /* LoginView.swift */ = {isa = PBXFileReference; lastKnownFileType = sourcecode.swift; path = LoginView.swift; sourceTree = "<group>"; };
		D3023BE9292B87CE000A850D /* AuthViewModel.swift */ = {isa = PBXFileReference; lastKnownFileType = sourcecode.swift; path = AuthViewModel.swift; sourceTree = "<group>"; };
		D3023BEB292B8A86000A850D /* MainView.swift */ = {isa = PBXFileReference; lastKnownFileType = sourcecode.swift; path = MainView.swift; sourceTree = "<group>"; };
		D3023BED292B8AB8000A850D /* RoutineModel.swift */ = {isa = PBXFileReference; lastKnownFileType = sourcecode.swift; path = RoutineModel.swift; sourceTree = "<group>"; };
		D3023BEF292B8B1E000A850D /* WorkoutModel.swift */ = {isa = PBXFileReference; lastKnownFileType = sourcecode.swift; path = WorkoutModel.swift; sourceTree = "<group>"; };
		D352F3BC292712B200FCBE6B /* trackr.app */ = {isa = PBXFileReference; explicitFileType = wrapper.application; includeInIndex = 0; path = trackr.app; sourceTree = BUILT_PRODUCTS_DIR; };
		D352F3BF292712B200FCBE6B /* trackrApp.swift */ = {isa = PBXFileReference; lastKnownFileType = sourcecode.swift; path = trackrApp.swift; sourceTree = "<group>"; };
		D352F3C1292712B200FCBE6B /* ContentView.swift */ = {isa = PBXFileReference; lastKnownFileType = sourcecode.swift; path = ContentView.swift; sourceTree = "<group>"; };
		D352F3C3292712B400FCBE6B /* Assets.xcassets */ = {isa = PBXFileReference; lastKnownFileType = folder.assetcatalog; path = Assets.xcassets; sourceTree = "<group>"; };
		D352F3C6292712B400FCBE6B /* Preview Assets.xcassets */ = {isa = PBXFileReference; lastKnownFileType = folder.assetcatalog; path = "Preview Assets.xcassets"; sourceTree = "<group>"; };
		D352F3CC292712B500FCBE6B /* trackrTests.xctest */ = {isa = PBXFileReference; explicitFileType = wrapper.cfbundle; includeInIndex = 0; path = trackrTests.xctest; sourceTree = BUILT_PRODUCTS_DIR; };
		D352F3D0292712B500FCBE6B /* trackrTests.swift */ = {isa = PBXFileReference; lastKnownFileType = sourcecode.swift; path = trackrTests.swift; sourceTree = "<group>"; };
		D352F3D6292712B500FCBE6B /* trackrUITests.xctest */ = {isa = PBXFileReference; explicitFileType = wrapper.cfbundle; includeInIndex = 0; path = trackrUITests.xctest; sourceTree = BUILT_PRODUCTS_DIR; };
		D352F3DA292712B500FCBE6B /* trackrUITests.swift */ = {isa = PBXFileReference; lastKnownFileType = sourcecode.swift; path = trackrUITests.swift; sourceTree = "<group>"; };
		D352F3DC292712B500FCBE6B /* trackrUITestsLaunchTests.swift */ = {isa = PBXFileReference; lastKnownFileType = sourcecode.swift; path = trackrUITestsLaunchTests.swift; sourceTree = "<group>"; };
/* End PBXFileReference section */

/* Begin PBXFrameworksBuildPhase section */
		D352F3B9292712B200FCBE6B /* Frameworks */ = {
			isa = PBXFrameworksBuildPhase;
			buildActionMask = 2147483647;
			files = (
				D3023BCF29295D91000A850D /* FirebasePerformance in Frameworks */,
				D3023BBD29295D90000A850D /* FirebaseFirestoreCombine-Community in Frameworks */,
				D3023BB729295D90000A850D /* FirebaseDatabaseSwift in Frameworks */,
				D3023BD529295D91000A850D /* FirebaseStorage in Frameworks */,
				D3023BB929295D90000A850D /* FirebaseDynamicLinks in Frameworks */,
				D3023BBF29295D90000A850D /* FirebaseFirestoreSwift in Frameworks */,
				D3023BAB29295D90000A850D /* FirebaseAppCheck in Frameworks */,
				D3023BC529295D90000A850D /* FirebaseInAppMessaging-Beta in Frameworks */,
				D3023BAF29295D90000A850D /* FirebaseAuth in Frameworks */,
				D3023BCB29295D90000A850D /* FirebaseMLModelDownloader in Frameworks */,
				D3023BD329295D91000A850D /* FirebaseRemoteConfigSwift in Frameworks */,
				D3023BA929295D90000A850D /* FirebaseAnalyticsSwift in Frameworks */,
				D3023BCD29295D91000A850D /* FirebaseMessaging in Frameworks */,
				D3023BC929295D90000A850D /* FirebaseInstallations in Frameworks */,
				D3023BC329295D90000A850D /* FirebaseFunctionsCombine-Community in Frameworks */,
				D3023BBB29295D90000A850D /* FirebaseFirestore in Frameworks */,
				D3023BD729295D91000A850D /* FirebaseStorageCombine-Community in Frameworks */,
				D3023BAD29295D90000A850D /* FirebaseAppDistribution-Beta in Frameworks */,
				D3023BA529295D90000A850D /* FirebaseAnalytics in Frameworks */,
				D3023BB329295D90000A850D /* FirebaseCrashlytics in Frameworks */,
				D3023BB529295D90000A850D /* FirebaseDatabase in Frameworks */,
				D3023BD129295D91000A850D /* FirebaseRemoteConfig in Frameworks */,
				D3023BC129295D90000A850D /* FirebaseFunctions in Frameworks */,
				D3023BB129295D90000A850D /* FirebaseAuthCombine-Community in Frameworks */,
				D3023BC729295D90000A850D /* FirebaseInAppMessagingSwift-Beta in Frameworks */,
				D3023BA729295D90000A850D /* FirebaseAnalyticsOnDeviceConversion in Frameworks */,
			);
			runOnlyForDeploymentPostprocessing = 0;
		};
		D352F3C9292712B500FCBE6B /* Frameworks */ = {
			isa = PBXFrameworksBuildPhase;
			buildActionMask = 2147483647;
			files = (
			);
			runOnlyForDeploymentPostprocessing = 0;
		};
		D352F3D3292712B500FCBE6B /* Frameworks */ = {
			isa = PBXFrameworksBuildPhase;
			buildActionMask = 2147483647;
			files = (
			);
			runOnlyForDeploymentPostprocessing = 0;
		};
/* End PBXFrameworksBuildPhase section */

/* Begin PBXGroup section */
		D3023B972927FE6F000A850D /* Models */ = {
			isa = PBXGroup;
			children = (
				D3023B9D292958BC000A850D /* CategoryEnum.swift */,
				D3023B9F2929592C000A850D /* ExerciseModel.swift */,
				D3023BE9292B87CE000A850D /* AuthViewModel.swift */,
				D3023BED292B8AB8000A850D /* RoutineModel.swift */,
				D3023BEF292B8B1E000A850D /* WorkoutModel.swift */,
			);
			path = Models;
			sourceTree = "<group>";
		};
		D3023B982927FE75000A850D /* Views */ = {
			isa = PBXGroup;
			children = (
				D3023BD82929674B000A850D /* LoginView.swift */,
				D3023BEB292B8A86000A850D /* MainView.swift */,
			);
			path = Views;
			sourceTree = "<group>";
		};
		D352F3B3292712B200FCBE6B = {
			isa = PBXGroup;
			children = (
				D3023BA129295D35000A850D /* GoogleService-Info.plist */,
				D352F3BE292712B200FCBE6B /* trackr */,
				D352F3CF292712B500FCBE6B /* trackrTests */,
				D352F3D9292712B500FCBE6B /* trackrUITests */,
				D352F3BD292712B200FCBE6B /* Products */,
			);
			sourceTree = "<group>";
		};
		D352F3BD292712B200FCBE6B /* Products */ = {
			isa = PBXGroup;
			children = (
				D352F3BC292712B200FCBE6B /* trackr.app */,
				D352F3CC292712B500FCBE6B /* trackrTests.xctest */,
				D352F3D6292712B500FCBE6B /* trackrUITests.xctest */,
			);
			name = Products;
			sourceTree = "<group>";
		};
		D352F3BE292712B200FCBE6B /* trackr */ = {
			isa = PBXGroup;
			children = (
				D3023B982927FE75000A850D /* Views */,
				D3023B972927FE6F000A850D /* Models */,
				D352F3BF292712B200FCBE6B /* trackrApp.swift */,
				D352F3C1292712B200FCBE6B /* ContentView.swift */,
				D352F3C3292712B400FCBE6B /* Assets.xcassets */,
				D352F3C5292712B400FCBE6B /* Preview Content */,
			);
			path = trackr;
			sourceTree = "<group>";
		};
		D352F3C5292712B400FCBE6B /* Preview Content */ = {
			isa = PBXGroup;
			children = (
				D352F3C6292712B400FCBE6B /* Preview Assets.xcassets */,
			);
			path = "Preview Content";
			sourceTree = "<group>";
		};
		D352F3CF292712B500FCBE6B /* trackrTests */ = {
			isa = PBXGroup;
			children = (
				D352F3D0292712B500FCBE6B /* trackrTests.swift */,
			);
			path = trackrTests;
			sourceTree = "<group>";
		};
		D352F3D9292712B500FCBE6B /* trackrUITests */ = {
			isa = PBXGroup;
			children = (
				D352F3DA292712B500FCBE6B /* trackrUITests.swift */,
				D352F3DC292712B500FCBE6B /* trackrUITestsLaunchTests.swift */,
			);
			path = trackrUITests;
			sourceTree = "<group>";
		};
/* End PBXGroup section */

/* Begin PBXNativeTarget section */
		D352F3BB292712B200FCBE6B /* trackr */ = {
			isa = PBXNativeTarget;
			buildConfigurationList = D352F3E0292712B500FCBE6B /* Build configuration list for PBXNativeTarget "trackr" */;
			buildPhases = (
				D352F3B8292712B200FCBE6B /* Sources */,
				D352F3B9292712B200FCBE6B /* Frameworks */,
				D352F3BA292712B200FCBE6B /* Resources */,
			);
			buildRules = (
			);
			dependencies = (
			);
			name = trackr;
			packageProductDependencies = (
				D3023BA429295D90000A850D /* FirebaseAnalytics */,
				D3023BA629295D90000A850D /* FirebaseAnalyticsOnDeviceConversion */,
				D3023BA829295D90000A850D /* FirebaseAnalyticsSwift */,
				D3023BAA29295D90000A850D /* FirebaseAppCheck */,
				D3023BAC29295D90000A850D /* FirebaseAppDistribution-Beta */,
				D3023BAE29295D90000A850D /* FirebaseAuth */,
				D3023BB029295D90000A850D /* FirebaseAuthCombine-Community */,
				D3023BB229295D90000A850D /* FirebaseCrashlytics */,
				D3023BB429295D90000A850D /* FirebaseDatabase */,
				D3023BB629295D90000A850D /* FirebaseDatabaseSwift */,
				D3023BB829295D90000A850D /* FirebaseDynamicLinks */,
				D3023BBA29295D90000A850D /* FirebaseFirestore */,
				D3023BBC29295D90000A850D /* FirebaseFirestoreCombine-Community */,
				D3023BBE29295D90000A850D /* FirebaseFirestoreSwift */,
				D3023BC029295D90000A850D /* FirebaseFunctions */,
				D3023BC229295D90000A850D /* FirebaseFunctionsCombine-Community */,
				D3023BC429295D90000A850D /* FirebaseInAppMessaging-Beta */,
				D3023BC629295D90000A850D /* FirebaseInAppMessagingSwift-Beta */,
				D3023BC829295D90000A850D /* FirebaseInstallations */,
				D3023BCA29295D90000A850D /* FirebaseMLModelDownloader */,
				D3023BCC29295D91000A850D /* FirebaseMessaging */,
				D3023BCE29295D91000A850D /* FirebasePerformance */,
				D3023BD029295D91000A850D /* FirebaseRemoteConfig */,
				D3023BD229295D91000A850D /* FirebaseRemoteConfigSwift */,
				D3023BD429295D91000A850D /* FirebaseStorage */,
				D3023BD629295D91000A850D /* FirebaseStorageCombine-Community */,
			);
			productName = trackr;
			productReference = D352F3BC292712B200FCBE6B /* trackr.app */;
			productType = "com.apple.product-type.application";
		};
		D352F3CB292712B500FCBE6B /* trackrTests */ = {
			isa = PBXNativeTarget;
			buildConfigurationList = D352F3E3292712B500FCBE6B /* Build configuration list for PBXNativeTarget "trackrTests" */;
			buildPhases = (
				D352F3C8292712B500FCBE6B /* Sources */,
				D352F3C9292712B500FCBE6B /* Frameworks */,
				D352F3CA292712B500FCBE6B /* Resources */,
			);
			buildRules = (
			);
			dependencies = (
				D352F3CE292712B500FCBE6B /* PBXTargetDependency */,
			);
			name = trackrTests;
			productName = trackrTests;
			productReference = D352F3CC292712B500FCBE6B /* trackrTests.xctest */;
			productType = "com.apple.product-type.bundle.unit-test";
		};
		D352F3D5292712B500FCBE6B /* trackrUITests */ = {
			isa = PBXNativeTarget;
			buildConfigurationList = D352F3E6292712B500FCBE6B /* Build configuration list for PBXNativeTarget "trackrUITests" */;
			buildPhases = (
				D352F3D2292712B500FCBE6B /* Sources */,
				D352F3D3292712B500FCBE6B /* Frameworks */,
				D352F3D4292712B500FCBE6B /* Resources */,
			);
			buildRules = (
			);
			dependencies = (
				D352F3D8292712B500FCBE6B /* PBXTargetDependency */,
			);
			name = trackrUITests;
			productName = trackrUITests;
			productReference = D352F3D6292712B500FCBE6B /* trackrUITests.xctest */;
			productType = "com.apple.product-type.bundle.ui-testing";
		};
/* End PBXNativeTarget section */

/* Begin PBXProject section */
		D352F3B4292712B200FCBE6B /* Project object */ = {
			isa = PBXProject;
			attributes = {
				BuildIndependentTargetsInParallel = 1;
				LastSwiftUpdateCheck = 1410;
				LastUpgradeCheck = 1410;
				TargetAttributes = {
					D352F3BB292712B200FCBE6B = {
						CreatedOnToolsVersion = 14.1;
					};
					D352F3CB292712B500FCBE6B = {
						CreatedOnToolsVersion = 14.1;
						TestTargetID = D352F3BB292712B200FCBE6B;
					};
					D352F3D5292712B500FCBE6B = {
						CreatedOnToolsVersion = 14.1;
						TestTargetID = D352F3BB292712B200FCBE6B;
					};
				};
			};
			buildConfigurationList = D352F3B7292712B200FCBE6B /* Build configuration list for PBXProject "trackr" */;
			compatibilityVersion = "Xcode 14.0";
			developmentRegion = en;
			hasScannedForEncodings = 0;
			knownRegions = (
				en,
				Base,
			);
			mainGroup = D352F3B3292712B200FCBE6B;
			packageReferences = (
				D3023BA329295D90000A850D /* XCRemoteSwiftPackageReference "firebase-ios-sdk" */,
			);
			productRefGroup = D352F3BD292712B200FCBE6B /* Products */;
			projectDirPath = "";
			projectRoot = "";
			targets = (
				D352F3BB292712B200FCBE6B /* trackr */,
				D352F3CB292712B500FCBE6B /* trackrTests */,
				D352F3D5292712B500FCBE6B /* trackrUITests */,
			);
		};
/* End PBXProject section */

/* Begin PBXResourcesBuildPhase section */
		D352F3BA292712B200FCBE6B /* Resources */ = {
			isa = PBXResourcesBuildPhase;
			buildActionMask = 2147483647;
			files = (
				D352F3C7292712B400FCBE6B /* Preview Assets.xcassets in Resources */,
				D352F3C4292712B400FCBE6B /* Assets.xcassets in Resources */,
				D3023BA229295D36000A850D /* GoogleService-Info.plist in Resources */,
			);
			runOnlyForDeploymentPostprocessing = 0;
		};
		D352F3CA292712B500FCBE6B /* Resources */ = {
			isa = PBXResourcesBuildPhase;
			buildActionMask = 2147483647;
			files = (
			);
			runOnlyForDeploymentPostprocessing = 0;
		};
		D352F3D4292712B500FCBE6B /* Resources */ = {
			isa = PBXResourcesBuildPhase;
			buildActionMask = 2147483647;
			files = (
			);
			runOnlyForDeploymentPostprocessing = 0;
		};
/* End PBXResourcesBuildPhase section */

/* Begin PBXSourcesBuildPhase section */
		D352F3B8292712B200FCBE6B /* Sources */ = {
			isa = PBXSourcesBuildPhase;
			buildActionMask = 2147483647;
			files = (
				D352F3C2292712B200FCBE6B /* ContentView.swift in Sources */,
				D3023BEC292B8A86000A850D /* MainView.swift in Sources */,
				D352F3C0292712B200FCBE6B /* trackrApp.swift in Sources */,
				D3023BEA292B87CE000A850D /* AuthViewModel.swift in Sources */,
				D3023BEE292B8AB8000A850D /* RoutineModel.swift in Sources */,
				D3023B9E292958BC000A850D /* CategoryEnum.swift in Sources */,
				D3023BD92929674B000A850D /* LoginView.swift in Sources */,
				D3023BF0292B8B1E000A850D /* WorkoutModel.swift in Sources */,
				D3023BA02929592C000A850D /* ExerciseModel.swift in Sources */,
			);
			runOnlyForDeploymentPostprocessing = 0;
		};
		D352F3C8292712B500FCBE6B /* Sources */ = {
			isa = PBXSourcesBuildPhase;
			buildActionMask = 2147483647;
			files = (
				D352F3D1292712B500FCBE6B /* trackrTests.swift in Sources */,
			);
			runOnlyForDeploymentPostprocessing = 0;
		};
		D352F3D2292712B500FCBE6B /* Sources */ = {
			isa = PBXSourcesBuildPhase;
			buildActionMask = 2147483647;
			files = (
				D352F3DB292712B500FCBE6B /* trackrUITests.swift in Sources */,
				D352F3DD292712B500FCBE6B /* trackrUITestsLaunchTests.swift in Sources */,
			);
			runOnlyForDeploymentPostprocessing = 0;
		};
/* End PBXSourcesBuildPhase section */

/* Begin PBXTargetDependency section */
		D352F3CE292712B500FCBE6B /* PBXTargetDependency */ = {
			isa = PBXTargetDependency;
			target = D352F3BB292712B200FCBE6B /* trackr */;
			targetProxy = D352F3CD292712B500FCBE6B /* PBXContainerItemProxy */;
		};
		D352F3D8292712B500FCBE6B /* PBXTargetDependency */ = {
			isa = PBXTargetDependency;
			target = D352F3BB292712B200FCBE6B /* trackr */;
			targetProxy = D352F3D7292712B500FCBE6B /* PBXContainerItemProxy */;
		};
/* End PBXTargetDependency section */

/* Begin XCBuildConfiguration section */
		D352F3DE292712B500FCBE6B /* Debug */ = {
			isa = XCBuildConfiguration;
			buildSettings = {
				ALWAYS_SEARCH_USER_PATHS = NO;
				CLANG_ANALYZER_NONNULL = YES;
				CLANG_ANALYZER_NUMBER_OBJECT_CONVERSION = YES_AGGRESSIVE;
				CLANG_CXX_LANGUAGE_STANDARD = "gnu++20";
				CLANG_ENABLE_MODULES = YES;
				CLANG_ENABLE_OBJC_ARC = YES;
				CLANG_ENABLE_OBJC_WEAK = YES;
				CLANG_WARN_BLOCK_CAPTURE_AUTORELEASING = YES;
				CLANG_WARN_BOOL_CONVERSION = YES;
				CLANG_WARN_COMMA = YES;
				CLANG_WARN_CONSTANT_CONVERSION = YES;
				CLANG_WARN_DEPRECATED_OBJC_IMPLEMENTATIONS = YES;
				CLANG_WARN_DIRECT_OBJC_ISA_USAGE = YES_ERROR;
				CLANG_WARN_DOCUMENTATION_COMMENTS = YES;
				CLANG_WARN_EMPTY_BODY = YES;
				CLANG_WARN_ENUM_CONVERSION = YES;
				CLANG_WARN_INFINITE_RECURSION = YES;
				CLANG_WARN_INT_CONVERSION = YES;
				CLANG_WARN_NON_LITERAL_NULL_CONVERSION = YES;
				CLANG_WARN_OBJC_IMPLICIT_RETAIN_SELF = YES;
				CLANG_WARN_OBJC_LITERAL_CONVERSION = YES;
				CLANG_WARN_OBJC_ROOT_CLASS = YES_ERROR;
				CLANG_WARN_QUOTED_INCLUDE_IN_FRAMEWORK_HEADER = YES;
				CLANG_WARN_RANGE_LOOP_ANALYSIS = YES;
				CLANG_WARN_STRICT_PROTOTYPES = YES;
				CLANG_WARN_SUSPICIOUS_MOVE = YES;
				CLANG_WARN_UNGUARDED_AVAILABILITY = YES_AGGRESSIVE;
				CLANG_WARN_UNREACHABLE_CODE = YES;
				CLANG_WARN__DUPLICATE_METHOD_MATCH = YES;
				COPY_PHASE_STRIP = NO;
				DEBUG_INFORMATION_FORMAT = dwarf;
				ENABLE_STRICT_OBJC_MSGSEND = YES;
				ENABLE_TESTABILITY = YES;
				GCC_C_LANGUAGE_STANDARD = gnu11;
				GCC_DYNAMIC_NO_PIC = NO;
				GCC_NO_COMMON_BLOCKS = YES;
				GCC_OPTIMIZATION_LEVEL = 0;
				GCC_PREPROCESSOR_DEFINITIONS = (
					"DEBUG=1",
					"$(inherited)",
				);
				GCC_WARN_64_TO_32_BIT_CONVERSION = YES;
				GCC_WARN_ABOUT_RETURN_TYPE = YES_ERROR;
				GCC_WARN_UNDECLARED_SELECTOR = YES;
				GCC_WARN_UNINITIALIZED_AUTOS = YES_AGGRESSIVE;
				GCC_WARN_UNUSED_FUNCTION = YES;
				GCC_WARN_UNUSED_VARIABLE = YES;
				IPHONEOS_DEPLOYMENT_TARGET = 16.1;
				MTL_ENABLE_DEBUG_INFO = INCLUDE_SOURCE;
				MTL_FAST_MATH = YES;
				ONLY_ACTIVE_ARCH = YES;
				SDKROOT = iphoneos;
				SWIFT_ACTIVE_COMPILATION_CONDITIONS = DEBUG;
				SWIFT_OPTIMIZATION_LEVEL = "-Onone";
			};
			name = Debug;
		};
		D352F3DF292712B500FCBE6B /* Release */ = {
			isa = XCBuildConfiguration;
			buildSettings = {
				ALWAYS_SEARCH_USER_PATHS = NO;
				CLANG_ANALYZER_NONNULL = YES;
				CLANG_ANALYZER_NUMBER_OBJECT_CONVERSION = YES_AGGRESSIVE;
				CLANG_CXX_LANGUAGE_STANDARD = "gnu++20";
				CLANG_ENABLE_MODULES = YES;
				CLANG_ENABLE_OBJC_ARC = YES;
				CLANG_ENABLE_OBJC_WEAK = YES;
				CLANG_WARN_BLOCK_CAPTURE_AUTORELEASING = YES;
				CLANG_WARN_BOOL_CONVERSION = YES;
				CLANG_WARN_COMMA = YES;
				CLANG_WARN_CONSTANT_CONVERSION = YES;
				CLANG_WARN_DEPRECATED_OBJC_IMPLEMENTATIONS = YES;
				CLANG_WARN_DIRECT_OBJC_ISA_USAGE = YES_ERROR;
				CLANG_WARN_DOCUMENTATION_COMMENTS = YES;
				CLANG_WARN_EMPTY_BODY = YES;
				CLANG_WARN_ENUM_CONVERSION = YES;
				CLANG_WARN_INFINITE_RECURSION = YES;
				CLANG_WARN_INT_CONVERSION = YES;
				CLANG_WARN_NON_LITERAL_NULL_CONVERSION = YES;
				CLANG_WARN_OBJC_IMPLICIT_RETAIN_SELF = YES;
				CLANG_WARN_OBJC_LITERAL_CONVERSION = YES;
				CLANG_WARN_OBJC_ROOT_CLASS = YES_ERROR;
				CLANG_WARN_QUOTED_INCLUDE_IN_FRAMEWORK_HEADER = YES;
				CLANG_WARN_RANGE_LOOP_ANALYSIS = YES;
				CLANG_WARN_STRICT_PROTOTYPES = YES;
				CLANG_WARN_SUSPICIOUS_MOVE = YES;
				CLANG_WARN_UNGUARDED_AVAILABILITY = YES_AGGRESSIVE;
				CLANG_WARN_UNREACHABLE_CODE = YES;
				CLANG_WARN__DUPLICATE_METHOD_MATCH = YES;
				COPY_PHASE_STRIP = NO;
				DEBUG_INFORMATION_FORMAT = "dwarf-with-dsym";
				ENABLE_NS_ASSERTIONS = NO;
				ENABLE_STRICT_OBJC_MSGSEND = YES;
				GCC_C_LANGUAGE_STANDARD = gnu11;
				GCC_NO_COMMON_BLOCKS = YES;
				GCC_WARN_64_TO_32_BIT_CONVERSION = YES;
				GCC_WARN_ABOUT_RETURN_TYPE = YES_ERROR;
				GCC_WARN_UNDECLARED_SELECTOR = YES;
				GCC_WARN_UNINITIALIZED_AUTOS = YES_AGGRESSIVE;
				GCC_WARN_UNUSED_FUNCTION = YES;
				GCC_WARN_UNUSED_VARIABLE = YES;
				IPHONEOS_DEPLOYMENT_TARGET = 16.1;
				MTL_ENABLE_DEBUG_INFO = NO;
				MTL_FAST_MATH = YES;
				SDKROOT = iphoneos;
				SWIFT_COMPILATION_MODE = wholemodule;
				SWIFT_OPTIMIZATION_LEVEL = "-O";
				VALIDATE_PRODUCT = YES;
			};
			name = Release;
		};
		D352F3E1292712B500FCBE6B /* Debug */ = {
			isa = XCBuildConfiguration;
			buildSettings = {
				ASSETCATALOG_COMPILER_APPICON_NAME = AppIcon;
				ASSETCATALOG_COMPILER_GLOBAL_ACCENT_COLOR_NAME = AccentColor;
				CODE_SIGN_STYLE = Automatic;
				CURRENT_PROJECT_VERSION = 1;
				DEVELOPMENT_ASSET_PATHS = "\"trackr/Preview Content\"";
				ENABLE_PREVIEWS = YES;
				GENERATE_INFOPLIST_FILE = YES;
				INFOPLIST_KEY_UIApplicationSceneManifest_Generation = YES;
				INFOPLIST_KEY_UIApplicationSupportsIndirectInputEvents = YES;
				INFOPLIST_KEY_UILaunchScreen_Generation = YES;
				INFOPLIST_KEY_UISupportedInterfaceOrientations_iPad = "UIInterfaceOrientationPortrait UIInterfaceOrientationPortraitUpsideDown UIInterfaceOrientationLandscapeLeft UIInterfaceOrientationLandscapeRight";
				INFOPLIST_KEY_UISupportedInterfaceOrientations_iPhone = "UIInterfaceOrientationPortrait UIInterfaceOrientationLandscapeLeft UIInterfaceOrientationLandscapeRight";
				LD_RUNPATH_SEARCH_PATHS = (
					"$(inherited)",
					"@executable_path/Frameworks",
				);
				MARKETING_VERSION = 1.0;
				PRODUCT_BUNDLE_IDENTIFIER = luisribeirodev.trackr;
				PRODUCT_NAME = "$(TARGET_NAME)";
				SWIFT_EMIT_LOC_STRINGS = YES;
				SWIFT_VERSION = 5.0;
				TARGETED_DEVICE_FAMILY = "1,2";
			};
			name = Debug;
		};
		D352F3E2292712B500FCBE6B /* Release */ = {
			isa = XCBuildConfiguration;
			buildSettings = {
				ASSETCATALOG_COMPILER_APPICON_NAME = AppIcon;
				ASSETCATALOG_COMPILER_GLOBAL_ACCENT_COLOR_NAME = AccentColor;
				CODE_SIGN_STYLE = Automatic;
				CURRENT_PROJECT_VERSION = 1;
				DEVELOPMENT_ASSET_PATHS = "\"trackr/Preview Content\"";
				ENABLE_PREVIEWS = YES;
				GENERATE_INFOPLIST_FILE = YES;
				INFOPLIST_KEY_UIApplicationSceneManifest_Generation = YES;
				INFOPLIST_KEY_UIApplicationSupportsIndirectInputEvents = YES;
				INFOPLIST_KEY_UILaunchScreen_Generation = YES;
				INFOPLIST_KEY_UISupportedInterfaceOrientations_iPad = "UIInterfaceOrientationPortrait UIInterfaceOrientationPortraitUpsideDown UIInterfaceOrientationLandscapeLeft UIInterfaceOrientationLandscapeRight";
				INFOPLIST_KEY_UISupportedInterfaceOrientations_iPhone = "UIInterfaceOrientationPortrait UIInterfaceOrientationLandscapeLeft UIInterfaceOrientationLandscapeRight";
				LD_RUNPATH_SEARCH_PATHS = (
					"$(inherited)",
					"@executable_path/Frameworks",
				);
				MARKETING_VERSION = 1.0;
				PRODUCT_BUNDLE_IDENTIFIER = luisribeirodev.trackr;
				PRODUCT_NAME = "$(TARGET_NAME)";
				SWIFT_EMIT_LOC_STRINGS = YES;
				SWIFT_VERSION = 5.0;
				TARGETED_DEVICE_FAMILY = "1,2";
			};
			name = Release;
		};
		D352F3E4292712B500FCBE6B /* Debug */ = {
			isa = XCBuildConfiguration;
			buildSettings = {
				ALWAYS_EMBED_SWIFT_STANDARD_LIBRARIES = YES;
				BUNDLE_LOADER = "$(TEST_HOST)";
				CODE_SIGN_STYLE = Automatic;
				CURRENT_PROJECT_VERSION = 1;
				GENERATE_INFOPLIST_FILE = YES;
				IPHONEOS_DEPLOYMENT_TARGET = 16.1;
				MARKETING_VERSION = 1.0;
				PRODUCT_BUNDLE_IDENTIFIER = luisribeirodev.trackrTests;
				PRODUCT_NAME = "$(TARGET_NAME)";
				SWIFT_EMIT_LOC_STRINGS = NO;
				SWIFT_VERSION = 5.0;
				TARGETED_DEVICE_FAMILY = "1,2";
				TEST_HOST = "$(BUILT_PRODUCTS_DIR)/trackr.app/$(BUNDLE_EXECUTABLE_FOLDER_PATH)/trackr";
			};
			name = Debug;
		};
		D352F3E5292712B500FCBE6B /* Release */ = {
			isa = XCBuildConfiguration;
			buildSettings = {
				ALWAYS_EMBED_SWIFT_STANDARD_LIBRARIES = YES;
				BUNDLE_LOADER = "$(TEST_HOST)";
				CODE_SIGN_STYLE = Automatic;
				CURRENT_PROJECT_VERSION = 1;
				GENERATE_INFOPLIST_FILE = YES;
				IPHONEOS_DEPLOYMENT_TARGET = 16.1;
				MARKETING_VERSION = 1.0;
				PRODUCT_BUNDLE_IDENTIFIER = luisribeirodev.trackrTests;
				PRODUCT_NAME = "$(TARGET_NAME)";
				SWIFT_EMIT_LOC_STRINGS = NO;
				SWIFT_VERSION = 5.0;
				TARGETED_DEVICE_FAMILY = "1,2";
				TEST_HOST = "$(BUILT_PRODUCTS_DIR)/trackr.app/$(BUNDLE_EXECUTABLE_FOLDER_PATH)/trackr";
			};
			name = Release;
		};
		D352F3E7292712B500FCBE6B /* Debug */ = {
			isa = XCBuildConfiguration;
			buildSettings = {
				ALWAYS_EMBED_SWIFT_STANDARD_LIBRARIES = YES;
				CODE_SIGN_STYLE = Automatic;
				CURRENT_PROJECT_VERSION = 1;
				GENERATE_INFOPLIST_FILE = YES;
				MARKETING_VERSION = 1.0;
				PRODUCT_BUNDLE_IDENTIFIER = luisribeirodev.trackrUITests;
				PRODUCT_NAME = "$(TARGET_NAME)";
				SWIFT_EMIT_LOC_STRINGS = NO;
				SWIFT_VERSION = 5.0;
				TARGETED_DEVICE_FAMILY = "1,2";
				TEST_TARGET_NAME = trackr;
			};
			name = Debug;
		};
		D352F3E8292712B500FCBE6B /* Release */ = {
			isa = XCBuildConfiguration;
			buildSettings = {
				ALWAYS_EMBED_SWIFT_STANDARD_LIBRARIES = YES;
				CODE_SIGN_STYLE = Automatic;
				CURRENT_PROJECT_VERSION = 1;
				GENERATE_INFOPLIST_FILE = YES;
				MARKETING_VERSION = 1.0;
				PRODUCT_BUNDLE_IDENTIFIER = luisribeirodev.trackrUITests;
				PRODUCT_NAME = "$(TARGET_NAME)";
				SWIFT_EMIT_LOC_STRINGS = NO;
				SWIFT_VERSION = 5.0;
				TARGETED_DEVICE_FAMILY = "1,2";
				TEST_TARGET_NAME = trackr;
			};
			name = Release;
		};
/* End XCBuildConfiguration section */

/* Begin XCConfigurationList section */
		D352F3B7292712B200FCBE6B /* Build configuration list for PBXProject "trackr" */ = {
			isa = XCConfigurationList;
			buildConfigurations = (
				D352F3DE292712B500FCBE6B /* Debug */,
				D352F3DF292712B500FCBE6B /* Release */,
			);
			defaultConfigurationIsVisible = 0;
			defaultConfigurationName = Release;
		};
		D352F3E0292712B500FCBE6B /* Build configuration list for PBXNativeTarget "trackr" */ = {
			isa = XCConfigurationList;
			buildConfigurations = (
				D352F3E1292712B500FCBE6B /* Debug */,
				D352F3E2292712B500FCBE6B /* Release */,
			);
			defaultConfigurationIsVisible = 0;
			defaultConfigurationName = Release;
		};
		D352F3E3292712B500FCBE6B /* Build configuration list for PBXNativeTarget "trackrTests" */ = {
			isa = XCConfigurationList;
			buildConfigurations = (
				D352F3E4292712B500FCBE6B /* Debug */,
				D352F3E5292712B500FCBE6B /* Release */,
			);
			defaultConfigurationIsVisible = 0;
			defaultConfigurationName = Release;
		};
		D352F3E6292712B500FCBE6B /* Build configuration list for PBXNativeTarget "trackrUITests" */ = {
			isa = XCConfigurationList;
			buildConfigurations = (
				D352F3E7292712B500FCBE6B /* Debug */,
				D352F3E8292712B500FCBE6B /* Release */,
			);
			defaultConfigurationIsVisible = 0;
			defaultConfigurationName = Release;
		};
/* End XCConfigurationList section */

/* Begin XCRemoteSwiftPackageReference section */
		D3023BA329295D90000A850D /* XCRemoteSwiftPackageReference "firebase-ios-sdk" */ = {
			isa = XCRemoteSwiftPackageReference;
			repositoryURL = "https://github.com/firebase/firebase-ios-sdk.git";
			requirement = {
				branch = master;
				kind = branch;
			};
		};
/* End XCRemoteSwiftPackageReference section */

/* Begin XCSwiftPackageProductDependency section */
		D3023BA429295D90000A850D /* FirebaseAnalytics */ = {
			isa = XCSwiftPackageProductDependency;
			package = D3023BA329295D90000A850D /* XCRemoteSwiftPackageReference "firebase-ios-sdk" */;
			productName = FirebaseAnalytics;
		};
		D3023BA629295D90000A850D /* FirebaseAnalyticsOnDeviceConversion */ = {
			isa = XCSwiftPackageProductDependency;
			package = D3023BA329295D90000A850D /* XCRemoteSwiftPackageReference "firebase-ios-sdk" */;
			productName = FirebaseAnalyticsOnDeviceConversion;
		};
		D3023BA829295D90000A850D /* FirebaseAnalyticsSwift */ = {
			isa = XCSwiftPackageProductDependency;
			package = D3023BA329295D90000A850D /* XCRemoteSwiftPackageReference "firebase-ios-sdk" */;
			productName = FirebaseAnalyticsSwift;
		};
		D3023BAA29295D90000A850D /* FirebaseAppCheck */ = {
			isa = XCSwiftPackageProductDependency;
			package = D3023BA329295D90000A850D /* XCRemoteSwiftPackageReference "firebase-ios-sdk" */;
			productName = FirebaseAppCheck;
		};
		D3023BAC29295D90000A850D /* FirebaseAppDistribution-Beta */ = {
			isa = XCSwiftPackageProductDependency;
			package = D3023BA329295D90000A850D /* XCRemoteSwiftPackageReference "firebase-ios-sdk" */;
			productName = "FirebaseAppDistribution-Beta";
		};
		D3023BAE29295D90000A850D /* FirebaseAuth */ = {
			isa = XCSwiftPackageProductDependency;
			package = D3023BA329295D90000A850D /* XCRemoteSwiftPackageReference "firebase-ios-sdk" */;
			productName = FirebaseAuth;
		};
		D3023BB029295D90000A850D /* FirebaseAuthCombine-Community */ = {
			isa = XCSwiftPackageProductDependency;
			package = D3023BA329295D90000A850D /* XCRemoteSwiftPackageReference "firebase-ios-sdk" */;
			productName = "FirebaseAuthCombine-Community";
		};
		D3023BB229295D90000A850D /* FirebaseCrashlytics */ = {
			isa = XCSwiftPackageProductDependency;
			package = D3023BA329295D90000A850D /* XCRemoteSwiftPackageReference "firebase-ios-sdk" */;
			productName = FirebaseCrashlytics;
		};
		D3023BB429295D90000A850D /* FirebaseDatabase */ = {
			isa = XCSwiftPackageProductDependency;
			package = D3023BA329295D90000A850D /* XCRemoteSwiftPackageReference "firebase-ios-sdk" */;
			productName = FirebaseDatabase;
		};
		D3023BB629295D90000A850D /* FirebaseDatabaseSwift */ = {
			isa = XCSwiftPackageProductDependency;
			package = D3023BA329295D90000A850D /* XCRemoteSwiftPackageReference "firebase-ios-sdk" */;
			productName = FirebaseDatabaseSwift;
		};
		D3023BB829295D90000A850D /* FirebaseDynamicLinks */ = {
			isa = XCSwiftPackageProductDependency;
			package = D3023BA329295D90000A850D /* XCRemoteSwiftPackageReference "firebase-ios-sdk" */;
			productName = FirebaseDynamicLinks;
		};
		D3023BBA29295D90000A850D /* FirebaseFirestore */ = {
			isa = XCSwiftPackageProductDependency;
			package = D3023BA329295D90000A850D /* XCRemoteSwiftPackageReference "firebase-ios-sdk" */;
			productName = FirebaseFirestore;
		};
		D3023BBC29295D90000A850D /* FirebaseFirestoreCombine-Community */ = {
			isa = XCSwiftPackageProductDependency;
			package = D3023BA329295D90000A850D /* XCRemoteSwiftPackageReference "firebase-ios-sdk" */;
			productName = "FirebaseFirestoreCombine-Community";
		};
		D3023BBE29295D90000A850D /* FirebaseFirestoreSwift */ = {
			isa = XCSwiftPackageProductDependency;
			package = D3023BA329295D90000A850D /* XCRemoteSwiftPackageReference "firebase-ios-sdk" */;
			productName = FirebaseFirestoreSwift;
		};
		D3023BC029295D90000A850D /* FirebaseFunctions */ = {
			isa = XCSwiftPackageProductDependency;
			package = D3023BA329295D90000A850D /* XCRemoteSwiftPackageReference "firebase-ios-sdk" */;
			productName = FirebaseFunctions;
		};
		D3023BC229295D90000A850D /* FirebaseFunctionsCombine-Community */ = {
			isa = XCSwiftPackageProductDependency;
			package = D3023BA329295D90000A850D /* XCRemoteSwiftPackageReference "firebase-ios-sdk" */;
			productName = "FirebaseFunctionsCombine-Community";
		};
		D3023BC429295D90000A850D /* FirebaseInAppMessaging-Beta */ = {
			isa = XCSwiftPackageProductDependency;
			package = D3023BA329295D90000A850D /* XCRemoteSwiftPackageReference "firebase-ios-sdk" */;
			productName = "FirebaseInAppMessaging-Beta";
		};
		D3023BC629295D90000A850D /* FirebaseInAppMessagingSwift-Beta */ = {
			isa = XCSwiftPackageProductDependency;
			package = D3023BA329295D90000A850D /* XCRemoteSwiftPackageReference "firebase-ios-sdk" */;
			productName = "FirebaseInAppMessagingSwift-Beta";
		};
		D3023BC829295D90000A850D /* FirebaseInstallations */ = {
			isa = XCSwiftPackageProductDependency;
			package = D3023BA329295D90000A850D /* XCRemoteSwiftPackageReference "firebase-ios-sdk" */;
			productName = FirebaseInstallations;
		};
		D3023BCA29295D90000A850D /* FirebaseMLModelDownloader */ = {
			isa = XCSwiftPackageProductDependency;
			package = D3023BA329295D90000A850D /* XCRemoteSwiftPackageReference "firebase-ios-sdk" */;
			productName = FirebaseMLModelDownloader;
		};
		D3023BCC29295D91000A850D /* FirebaseMessaging */ = {
			isa = XCSwiftPackageProductDependency;
			package = D3023BA329295D90000A850D /* XCRemoteSwiftPackageReference "firebase-ios-sdk" */;
			productName = FirebaseMessaging;
		};
		D3023BCE29295D91000A850D /* FirebasePerformance */ = {
			isa = XCSwiftPackageProductDependency;
			package = D3023BA329295D90000A850D /* XCRemoteSwiftPackageReference "firebase-ios-sdk" */;
			productName = FirebasePerformance;
		};
		D3023BD029295D91000A850D /* FirebaseRemoteConfig */ = {
			isa = XCSwiftPackageProductDependency;
			package = D3023BA329295D90000A850D /* XCRemoteSwiftPackageReference "firebase-ios-sdk" */;
			productName = FirebaseRemoteConfig;
		};
		D3023BD229295D91000A850D /* FirebaseRemoteConfigSwift */ = {
			isa = XCSwiftPackageProductDependency;
			package = D3023BA329295D90000A850D /* XCRemoteSwiftPackageReference "firebase-ios-sdk" */;
			productName = FirebaseRemoteConfigSwift;
		};
		D3023BD429295D91000A850D /* FirebaseStorage */ = {
			isa = XCSwiftPackageProductDependency;
			package = D3023BA329295D90000A850D /* XCRemoteSwiftPackageReference "firebase-ios-sdk" */;
			productName = FirebaseStorage;
		};
		D3023BD629295D91000A850D /* FirebaseStorageCombine-Community */ = {
			isa = XCSwiftPackageProductDependency;
			package = D3023BA329295D90000A850D /* XCRemoteSwiftPackageReference "firebase-ios-sdk" */;
			productName = "FirebaseStorageCombine-Community";
		};
/* End XCSwiftPackageProductDependency section */
	};
	rootObject = D352F3B4292712B200FCBE6B /* Project object */;
}
